
Microsoft Visual Studio Solution File, Format Version 12.00
# Visual Studio Version 17
VisualStudioVersion = 17.8.34322.80
MinimumVisualStudioVersion = 10.0.40219.1
Project("{9A19103F-16F7-4668-BE54-9A1E7A4F7556}") = "SteffBeckers.Domain", "src\SteffBeckers.Domain\SteffBeckers.Domain.csproj", "{554AD327-6DBA-4F8F-96F8-81CE7A0C863F}"
EndProject
Project("{9A19103F-16F7-4668-BE54-9A1E7A4F7556}") = "SteffBeckers.CRM.TestBase", "modules\SteffBeckers.CRM\test\SteffBeckers.CRM.TestBase\SteffBeckers.CRM.TestBase.csproj", "{F38A3B78-404C-4D39-AD13-D44BCE862968}"
EndProject
Project("{9A19103F-16F7-4668-BE54-9A1E7A4F7556}") = "SteffBeckers.CRM.HttpApi.Client.ConsoleTestApp", "modules\SteffBeckers.CRM\test\SteffBeckers.CRM.HttpApi.Client.ConsoleTestApp\SteffBeckers.CRM.HttpApi.Client.ConsoleTestApp.csproj", "{A1D9209E-533E-42E8-862B-6C3965AE925C}"
EndProject
Project("{9A19103F-16F7-4668-BE54-9A1E7A4F7556}") = "SteffBeckers.CRM.EntityFrameworkCore.Tests", "modules\SteffBeckers.CRM\test\SteffBeckers.CRM.EntityFrameworkCore.Tests\SteffBeckers.CRM.EntityFrameworkCore.Tests.csproj", "{4E25F2C2-E464-4063-BF38-FE24A49AD6D9}"
EndProject
Project("{9A19103F-16F7-4668-BE54-9A1E7A4F7556}") = "SteffBeckers.CRM.Domain.Tests", "modules\SteffBeckers.CRM\test\SteffBeckers.CRM.Domain.Tests\SteffBeckers.CRM.Domain.Tests.csproj", "{7565231B-EB17-4F2D-84E4-F45CDE94A4D0}"
EndProject
Project("{9A19103F-16F7-4668-BE54-9A1E7A4F7556}") = "SteffBeckers.CRM.Application.Tests", "modules\SteffBeckers.CRM\test\SteffBeckers.CRM.Application.Tests\SteffBeckers.CRM.Application.Tests.csproj", "{5ABF03EC-4792-4149-9D57-5C4131D6E9B8}"
EndProject
Project("{9A19103F-16F7-4668-BE54-9A1E7A4F7556}") = "SteffBeckers.CRM.Installer", "modules\SteffBeckers.CRM\src\SteffBeckers.CRM.Installer\SteffBeckers.CRM.Installer.csproj", "{8FEBA212-02D7-405F-9AA6-DBB7A7B308A1}"
EndProject
Project("{9A19103F-16F7-4668-BE54-9A1E7A4F7556}") = "SteffBeckers.CRM.HttpApi.Client", "modules\SteffBeckers.CRM\src\SteffBeckers.CRM.HttpApi.Client\SteffBeckers.CRM.HttpApi.Client.csproj", "{F2112176-B96D-4244-A7AA-81896C534FB5}"
EndProject
Project("{9A19103F-16F7-4668-BE54-9A1E7A4F7556}") = "SteffBeckers.CRM.HttpApi", "modules\SteffBeckers.CRM\src\SteffBeckers.CRM.HttpApi\SteffBeckers.CRM.HttpApi.csproj", "{6A26023A-338A-4FAB-9AB7-9DDB1F198172}"
EndProject
Project("{9A19103F-16F7-4668-BE54-9A1E7A4F7556}") = "SteffBeckers.CRM.EntityFrameworkCore", "modules\SteffBeckers.CRM\src\SteffBeckers.CRM.EntityFrameworkCore\SteffBeckers.CRM.EntityFrameworkCore.csproj", "{79F50514-5AF5-4AC6-8129-B92C51CA43BC}"
EndProject
Project("{9A19103F-16F7-4668-BE54-9A1E7A4F7556}") = "SteffBeckers.CRM.Domain.Shared", "modules\SteffBeckers.CRM\src\SteffBeckers.CRM.Domain.Shared\SteffBeckers.CRM.Domain.Shared.csproj", "{D34B5625-0AF6-49C4-A7F9-649777E1D398}"
EndProject
Project("{9A19103F-16F7-4668-BE54-9A1E7A4F7556}") = "SteffBeckers.CRM.Domain", "modules\SteffBeckers.CRM\src\SteffBeckers.CRM.Domain\SteffBeckers.CRM.Domain.csproj", "{99AB816C-55BA-476D-A429-26DC7E8288F1}"
EndProject
Project("{9A19103F-16F7-4668-BE54-9A1E7A4F7556}") = "SteffBeckers.CRM.Application.Contracts", "modules\SteffBeckers.CRM\src\SteffBeckers.CRM.Application.Contracts\SteffBeckers.CRM.Application.Contracts.csproj", "{1DF21C22-E225-4769-B925-8D6DA326B901}"
EndProject
Project("{9A19103F-16F7-4668-BE54-9A1E7A4F7556}") = "SteffBeckers.CRM.Application", "modules\SteffBeckers.CRM\src\SteffBeckers.CRM.Application\SteffBeckers.CRM.Application.csproj", "{F7C2A299-2B8D-4850-8A14-289DC9780C82}"
EndProject
Project("{2150E333-8FDC-42A3-9474-1A3956D46DE8}") = "SteffBeckers.CRM", "SteffBeckers.CRM", "{6BCAF52E-A84E-4553-BF5A-3E3FE1FDF0D3}"
EndProject
Project("{2150E333-8FDC-42A3-9474-1A3956D46DE8}") = "SteffBeckers.CRM", "SteffBeckers.CRM", "{442EE149-B642-42DB-AF17-F20185C2C65B}"
EndProject
Project("{9A19103F-16F7-4668-BE54-9A1E7A4F7556}") = "SteffBeckers.Application", "src\SteffBeckers.Application\SteffBeckers.Application.csproj", "{1A94A50E-06DC-43C1-80B5-B662820EC3EB}"
EndProject
Project("{9A19103F-16F7-4668-BE54-9A1E7A4F7556}") = "SteffBeckers.EntityFrameworkCore", "src\SteffBeckers.EntityFrameworkCore\SteffBeckers.EntityFrameworkCore.csproj", "{C956DD76-69C8-4A9C-83EA-D17DF83340FD}"
EndProject
Project("{2150E333-8FDC-42A3-9474-1A3956D46DE8}") = "src", "src", "{CA9AC87F-097E-4F15-8393-4BC07735A5B0}"
EndProject
Project("{2150E333-8FDC-42A3-9474-1A3956D46DE8}") = "test", "test", "{04DBDB01-70F4-4E06-B468-8F87850B22BE}"
EndProject
Project("{9A19103F-16F7-4668-BE54-9A1E7A4F7556}") = "SteffBeckers.Application.Tests", "test\SteffBeckers.Application.Tests\SteffBeckers.Application.Tests.csproj", "{50B2631D-129C-47B3-A587-029CCD6099BC}"
EndProject
Project("{9A19103F-16F7-4668-BE54-9A1E7A4F7556}") = "SteffBeckers.Domain.Shared", "src\SteffBeckers.Domain.Shared\SteffBeckers.Domain.Shared.csproj", "{42F719ED-8413-4895-B5B4-5AB56079BC66}"
EndProject
Project("{9A19103F-16F7-4668-BE54-9A1E7A4F7556}") = "SteffBeckers.Application.Contracts", "src\SteffBeckers.Application.Contracts\SteffBeckers.Application.Contracts.csproj", "{520659C8-C734-4298-A3DA-B539DB9DFC0B}"
EndProject
Project("{9A19103F-16F7-4668-BE54-9A1E7A4F7556}") = "SteffBeckers.HttpApi", "src\SteffBeckers.HttpApi\SteffBeckers.HttpApi.csproj", "{4164BDF7-F527-4E85-9CE6-E3C2D7426A27}"
EndProject
Project("{9A19103F-16F7-4668-BE54-9A1E7A4F7556}") = "SteffBeckers.HttpApi.Client", "src\SteffBeckers.HttpApi.Client\SteffBeckers.HttpApi.Client.csproj", "{3B5A0094-670D-4BB1-BFDD-61B88A8773DC}"
EndProject
Project("{9A19103F-16F7-4668-BE54-9A1E7A4F7556}") = "SteffBeckers.EntityFrameworkCore.Tests", "test\SteffBeckers.EntityFrameworkCore.Tests\SteffBeckers.EntityFrameworkCore.Tests.csproj", "{1FE30EB9-74A9-47F5-A9F6-7B1FAB672D81}"
EndProject
Project("{9A19103F-16F7-4668-BE54-9A1E7A4F7556}") = "SteffBeckers.TestBase", "test\SteffBeckers.TestBase\SteffBeckers.TestBase.csproj", "{91853F21-9CD9-4132-BC29-A7D5D84FFFE7}"
EndProject
Project("{9A19103F-16F7-4668-BE54-9A1E7A4F7556}") = "SteffBeckers.Domain.Tests", "test\SteffBeckers.Domain.Tests\SteffBeckers.Domain.Tests.csproj", "{E512F4D9-9375-480F-A2F6-A46509F9D824}"
EndProject
Project("{9A19103F-16F7-4668-BE54-9A1E7A4F7556}") = "SteffBeckers.HttpApi.Client.ConsoleTestApp", "test\SteffBeckers.HttpApi.Client.ConsoleTestApp\SteffBeckers.HttpApi.Client.ConsoleTestApp.csproj", "{EF480016-9127-4916-8735-D2466BDBC582}"
EndProject
Project("{9A19103F-16F7-4668-BE54-9A1E7A4F7556}") = "SteffBeckers.DbMigrator", "src\SteffBeckers.DbMigrator\SteffBeckers.DbMigrator.csproj", "{AA94D832-1CCC-4715-95A9-A483F23A1A5D}"
EndProject
Project("{9A19103F-16F7-4668-BE54-9A1E7A4F7556}") = "SteffBeckers.HttpApi.Host", "src\SteffBeckers.HttpApi.Host\SteffBeckers.HttpApi.Host.csproj", "{748584B1-BA69-4F6A-81AA-F4BDE6BCE29D}"
EndProject
Project("{FAE04EC0-301F-11D3-BF4B-00C04F79EFBC}") = "SteffBeckers.Scan2PDF", "src\SteffBeckers.Scan2PDF\SteffBeckers.Scan2PDF.csproj", "{503B84A5-8720-4CFD-AFBB-79829D0DAECB}"
EndProject
Project("{FAE04EC0-301F-11D3-BF4B-00C04F79EFBC}") = "SteffBeckers.Marten", "src\SteffBeckers.Marten\SteffBeckers.Marten.csproj", "{59BE3959-76E8-4E02-BAEE-76AF646DE9F1}"
EndProject
Project("{2150E333-8FDC-42A3-9474-1A3956D46DE8}") = "SteffBeckers.Inventory", "SteffBeckers.Inventory", "{02EA681E-C7D8-13C7-8484-4AC65E1B71E8}"
EndProject
Project("{FAE04EC0-301F-11D3-BF4B-00C04F79EFBC}") = "SteffBeckers.Inventory.Domain.Shared", "modules\SteffBeckers.Inventory\src\SteffBeckers.Inventory.Domain.Shared\SteffBeckers.Inventory.Domain.Shared.csproj", "{088F7098-7714-23EC-89A5-D03F5BD7862E}"
EndProject
Project("{FAE04EC0-301F-11D3-BF4B-00C04F79EFBC}") = "SteffBeckers.Inventory.Domain", "modules\SteffBeckers.Inventory\src\SteffBeckers.Inventory.Domain\SteffBeckers.Inventory.Domain.csproj", "{A19EEFB0-488D-802B-ED7A-EF566767200D}"
EndProject
Project("{FAE04EC0-301F-11D3-BF4B-00C04F79EFBC}") = "SteffBeckers.Inventory.EntityFrameworkCore", "modules\SteffBeckers.Inventory\src\SteffBeckers.Inventory.EntityFrameworkCore\SteffBeckers.Inventory.EntityFrameworkCore.csproj", "{55565B49-6D0E-52F2-558F-F8CF9362C20B}"
EndProject
Project("{FAE04EC0-301F-11D3-BF4B-00C04F79EFBC}") = "SteffBeckers.Inventory.Application", "modules\SteffBeckers.Inventory\src\SteffBeckers.Inventory.Application\SteffBeckers.Inventory.Application.csproj", "{29086E71-D5E4-9B9C-7A39-CBD7A0F3C481}"
EndProject
Project("{FAE04EC0-301F-11D3-BF4B-00C04F79EFBC}") = "SteffBeckers.Inventory.Application.Contracts", "modules\SteffBeckers.Inventory\src\SteffBeckers.Inventory.Application.Contracts\SteffBeckers.Inventory.Application.Contracts.csproj", "{4A2CBEB6-1060-CAC2-3154-4A1D78BF750E}"
EndProject
Project("{FAE04EC0-301F-11D3-BF4B-00C04F79EFBC}") = "SteffBeckers.Inventory.HttpApi", "modules\SteffBeckers.Inventory\src\SteffBeckers.Inventory.HttpApi\SteffBeckers.Inventory.HttpApi.csproj", "{BE46AB49-7ABF-7E9E-C0F0-7CDF89673600}"
EndProject
Project("{FAE04EC0-301F-11D3-BF4B-00C04F79EFBC}") = "SteffBeckers.Inventory.HttpApi.Client", "modules\SteffBeckers.Inventory\src\SteffBeckers.Inventory.HttpApi.Client\SteffBeckers.Inventory.HttpApi.Client.csproj", "{49DC8826-93B9-A4E9-ECC4-067186E33A5E}"
EndProject
Project("{2150E333-8FDC-42A3-9474-1A3956D46DE8}") = "SteffBeckers.Inventory", "SteffBeckers.Inventory", "{CED54D6F-28E8-4567-8AD6-628F00269AF3}"
EndProject
Project("{FAE04EC0-301F-11D3-BF4B-00C04F79EFBC}") = "SteffBeckers.Inventory.TestBase", "modules\SteffBeckers.Inventory\test\SteffBeckers.Inventory.TestBase\SteffBeckers.Inventory.TestBase.csproj", "{26265FA0-270F-48C6-0BEF-0934DBA8196E}"
EndProject
Project("{FAE04EC0-301F-11D3-BF4B-00C04F79EFBC}") = "SteffBeckers.Inventory.Domain.Tests", "modules\SteffBeckers.Inventory\test\SteffBeckers.Inventory.Domain.Tests\SteffBeckers.Inventory.Domain.Tests.csproj", "{2ECAB3C0-39B3-4B68-4CEE-99407EE7B6C1}"
EndProject
Project("{FAE04EC0-301F-11D3-BF4B-00C04F79EFBC}") = "SteffBeckers.Inventory.EntityFrameworkCore.Tests", "modules\SteffBeckers.Inventory\test\SteffBeckers.Inventory.EntityFrameworkCore.Tests\SteffBeckers.Inventory.EntityFrameworkCore.Tests.csproj", "{5E8B1F42-7095-CB68-CC9A-55EEE7044C62}"
EndProject
Project("{FAE04EC0-301F-11D3-BF4B-00C04F79EFBC}") = "SteffBeckers.Inventory.HttpApi.Client.ConsoleTestApp", "modules\SteffBeckers.Inventory\test\SteffBeckers.Inventory.HttpApi.Client.ConsoleTestApp\SteffBeckers.Inventory.HttpApi.Client.ConsoleTestApp.csproj", "{60C9A054-5977-EDCC-02E6-1E0E42B12F2B}"
EndProject
Project("{FAE04EC0-301F-11D3-BF4B-00C04F79EFBC}") = "SteffBeckers.Inventory.Application.Tests", "modules\SteffBeckers.Inventory\test\SteffBeckers.Inventory.Application.Tests\SteffBeckers.Inventory.Application.Tests.csproj", "{7E4E2813-524C-EA8A-CAAD-5FA66161E965}"
EndProject
Global
	GlobalSection(SolutionConfigurationPlatforms) = preSolution
		Debug|Any CPU = Debug|Any CPU
		Release|Any CPU = Release|Any CPU
	EndGlobalSection
	GlobalSection(ProjectConfigurationPlatforms) = postSolution
		{554AD327-6DBA-4F8F-96F8-81CE7A0C863F}.Debug|Any CPU.ActiveCfg = Debug|Any CPU
		{554AD327-6DBA-4F8F-96F8-81CE7A0C863F}.Debug|Any CPU.Build.0 = Debug|Any CPU
		{554AD327-6DBA-4F8F-96F8-81CE7A0C863F}.Release|Any CPU.ActiveCfg = Release|Any CPU
		{554AD327-6DBA-4F8F-96F8-81CE7A0C863F}.Release|Any CPU.Build.0 = Release|Any CPU
		{F38A3B78-404C-4D39-AD13-D44BCE862968}.Debug|Any CPU.ActiveCfg = Debug|Any CPU
		{F38A3B78-404C-4D39-AD13-D44BCE862968}.Debug|Any CPU.Build.0 = Debug|Any CPU
		{F38A3B78-404C-4D39-AD13-D44BCE862968}.Release|Any CPU.ActiveCfg = Release|Any CPU
		{F38A3B78-404C-4D39-AD13-D44BCE862968}.Release|Any CPU.Build.0 = Release|Any CPU
		{A1D9209E-533E-42E8-862B-6C3965AE925C}.Debug|Any CPU.ActiveCfg = Debug|Any CPU
		{A1D9209E-533E-42E8-862B-6C3965AE925C}.Debug|Any CPU.Build.0 = Debug|Any CPU
		{A1D9209E-533E-42E8-862B-6C3965AE925C}.Release|Any CPU.ActiveCfg = Release|Any CPU
		{A1D9209E-533E-42E8-862B-6C3965AE925C}.Release|Any CPU.Build.0 = Release|Any CPU
		{4E25F2C2-E464-4063-BF38-FE24A49AD6D9}.Debug|Any CPU.ActiveCfg = Debug|Any CPU
		{4E25F2C2-E464-4063-BF38-FE24A49AD6D9}.Debug|Any CPU.Build.0 = Debug|Any CPU
		{4E25F2C2-E464-4063-BF38-FE24A49AD6D9}.Release|Any CPU.ActiveCfg = Release|Any CPU
		{4E25F2C2-E464-4063-BF38-FE24A49AD6D9}.Release|Any CPU.Build.0 = Release|Any CPU
		{7565231B-EB17-4F2D-84E4-F45CDE94A4D0}.Debug|Any CPU.ActiveCfg = Debug|Any CPU
		{7565231B-EB17-4F2D-84E4-F45CDE94A4D0}.Debug|Any CPU.Build.0 = Debug|Any CPU
		{7565231B-EB17-4F2D-84E4-F45CDE94A4D0}.Release|Any CPU.ActiveCfg = Release|Any CPU
		{7565231B-EB17-4F2D-84E4-F45CDE94A4D0}.Release|Any CPU.Build.0 = Release|Any CPU
		{5ABF03EC-4792-4149-9D57-5C4131D6E9B8}.Debug|Any CPU.ActiveCfg = Debug|Any CPU
		{5ABF03EC-4792-4149-9D57-5C4131D6E9B8}.Debug|Any CPU.Build.0 = Debug|Any CPU
		{5ABF03EC-4792-4149-9D57-5C4131D6E9B8}.Release|Any CPU.ActiveCfg = Release|Any CPU
		{5ABF03EC-4792-4149-9D57-5C4131D6E9B8}.Release|Any CPU.Build.0 = Release|Any CPU
		{8FEBA212-02D7-405F-9AA6-DBB7A7B308A1}.Debug|Any CPU.ActiveCfg = Debug|Any CPU
		{8FEBA212-02D7-405F-9AA6-DBB7A7B308A1}.Debug|Any CPU.Build.0 = Debug|Any CPU
		{8FEBA212-02D7-405F-9AA6-DBB7A7B308A1}.Release|Any CPU.ActiveCfg = Release|Any CPU
		{8FEBA212-02D7-405F-9AA6-DBB7A7B308A1}.Release|Any CPU.Build.0 = Release|Any CPU
		{F2112176-B96D-4244-A7AA-81896C534FB5}.Debug|Any CPU.ActiveCfg = Debug|Any CPU
		{F2112176-B96D-4244-A7AA-81896C534FB5}.Debug|Any CPU.Build.0 = Debug|Any CPU
		{F2112176-B96D-4244-A7AA-81896C534FB5}.Release|Any CPU.ActiveCfg = Release|Any CPU
		{F2112176-B96D-4244-A7AA-81896C534FB5}.Release|Any CPU.Build.0 = Release|Any CPU
		{6A26023A-338A-4FAB-9AB7-9DDB1F198172}.Debug|Any CPU.ActiveCfg = Debug|Any CPU
		{6A26023A-338A-4FAB-9AB7-9DDB1F198172}.Debug|Any CPU.Build.0 = Debug|Any CPU
		{6A26023A-338A-4FAB-9AB7-9DDB1F198172}.Release|Any CPU.ActiveCfg = Release|Any CPU
		{6A26023A-338A-4FAB-9AB7-9DDB1F198172}.Release|Any CPU.Build.0 = Release|Any CPU
		{79F50514-5AF5-4AC6-8129-B92C51CA43BC}.Debug|Any CPU.ActiveCfg = Debug|Any CPU
		{79F50514-5AF5-4AC6-8129-B92C51CA43BC}.Debug|Any CPU.Build.0 = Debug|Any CPU
		{79F50514-5AF5-4AC6-8129-B92C51CA43BC}.Release|Any CPU.ActiveCfg = Release|Any CPU
		{79F50514-5AF5-4AC6-8129-B92C51CA43BC}.Release|Any CPU.Build.0 = Release|Any CPU
		{D34B5625-0AF6-49C4-A7F9-649777E1D398}.Debug|Any CPU.ActiveCfg = Debug|Any CPU
		{D34B5625-0AF6-49C4-A7F9-649777E1D398}.Debug|Any CPU.Build.0 = Debug|Any CPU
		{D34B5625-0AF6-49C4-A7F9-649777E1D398}.Release|Any CPU.ActiveCfg = Release|Any CPU
		{D34B5625-0AF6-49C4-A7F9-649777E1D398}.Release|Any CPU.Build.0 = Release|Any CPU
		{99AB816C-55BA-476D-A429-26DC7E8288F1}.Debug|Any CPU.ActiveCfg = Debug|Any CPU
		{99AB816C-55BA-476D-A429-26DC7E8288F1}.Debug|Any CPU.Build.0 = Debug|Any CPU
		{99AB816C-55BA-476D-A429-26DC7E8288F1}.Release|Any CPU.ActiveCfg = Release|Any CPU
		{99AB816C-55BA-476D-A429-26DC7E8288F1}.Release|Any CPU.Build.0 = Release|Any CPU
		{1DF21C22-E225-4769-B925-8D6DA326B901}.Debug|Any CPU.ActiveCfg = Debug|Any CPU
		{1DF21C22-E225-4769-B925-8D6DA326B901}.Debug|Any CPU.Build.0 = Debug|Any CPU
		{1DF21C22-E225-4769-B925-8D6DA326B901}.Release|Any CPU.ActiveCfg = Release|Any CPU
		{1DF21C22-E225-4769-B925-8D6DA326B901}.Release|Any CPU.Build.0 = Release|Any CPU
		{F7C2A299-2B8D-4850-8A14-289DC9780C82}.Debug|Any CPU.ActiveCfg = Debug|Any CPU
		{F7C2A299-2B8D-4850-8A14-289DC9780C82}.Debug|Any CPU.Build.0 = Debug|Any CPU
		{F7C2A299-2B8D-4850-8A14-289DC9780C82}.Release|Any CPU.ActiveCfg = Release|Any CPU
		{F7C2A299-2B8D-4850-8A14-289DC9780C82}.Release|Any CPU.Build.0 = Release|Any CPU
		{1A94A50E-06DC-43C1-80B5-B662820EC3EB}.Debug|Any CPU.ActiveCfg = Debug|Any CPU
		{1A94A50E-06DC-43C1-80B5-B662820EC3EB}.Debug|Any CPU.Build.0 = Debug|Any CPU
		{1A94A50E-06DC-43C1-80B5-B662820EC3EB}.Release|Any CPU.ActiveCfg = Release|Any CPU
		{1A94A50E-06DC-43C1-80B5-B662820EC3EB}.Release|Any CPU.Build.0 = Release|Any CPU
		{C956DD76-69C8-4A9C-83EA-D17DF83340FD}.Debug|Any CPU.ActiveCfg = Debug|Any CPU
		{C956DD76-69C8-4A9C-83EA-D17DF83340FD}.Debug|Any CPU.Build.0 = Debug|Any CPU
		{C956DD76-69C8-4A9C-83EA-D17DF83340FD}.Release|Any CPU.ActiveCfg = Release|Any CPU
		{C956DD76-69C8-4A9C-83EA-D17DF83340FD}.Release|Any CPU.Build.0 = Release|Any CPU
		{50B2631D-129C-47B3-A587-029CCD6099BC}.Debug|Any CPU.ActiveCfg = Debug|Any CPU
		{50B2631D-129C-47B3-A587-029CCD6099BC}.Debug|Any CPU.Build.0 = Debug|Any CPU
		{50B2631D-129C-47B3-A587-029CCD6099BC}.Release|Any CPU.ActiveCfg = Release|Any CPU
		{50B2631D-129C-47B3-A587-029CCD6099BC}.Release|Any CPU.Build.0 = Release|Any CPU
		{42F719ED-8413-4895-B5B4-5AB56079BC66}.Debug|Any CPU.ActiveCfg = Debug|Any CPU
		{42F719ED-8413-4895-B5B4-5AB56079BC66}.Debug|Any CPU.Build.0 = Debug|Any CPU
		{42F719ED-8413-4895-B5B4-5AB56079BC66}.Release|Any CPU.ActiveCfg = Release|Any CPU
		{42F719ED-8413-4895-B5B4-5AB56079BC66}.Release|Any CPU.Build.0 = Release|Any CPU
		{520659C8-C734-4298-A3DA-B539DB9DFC0B}.Debug|Any CPU.ActiveCfg = Debug|Any CPU
		{520659C8-C734-4298-A3DA-B539DB9DFC0B}.Debug|Any CPU.Build.0 = Debug|Any CPU
		{520659C8-C734-4298-A3DA-B539DB9DFC0B}.Release|Any CPU.ActiveCfg = Release|Any CPU
		{520659C8-C734-4298-A3DA-B539DB9DFC0B}.Release|Any CPU.Build.0 = Release|Any CPU
		{4164BDF7-F527-4E85-9CE6-E3C2D7426A27}.Debug|Any CPU.ActiveCfg = Debug|Any CPU
		{4164BDF7-F527-4E85-9CE6-E3C2D7426A27}.Debug|Any CPU.Build.0 = Debug|Any CPU
		{4164BDF7-F527-4E85-9CE6-E3C2D7426A27}.Release|Any CPU.ActiveCfg = Release|Any CPU
		{4164BDF7-F527-4E85-9CE6-E3C2D7426A27}.Release|Any CPU.Build.0 = Release|Any CPU
		{3B5A0094-670D-4BB1-BFDD-61B88A8773DC}.Debug|Any CPU.ActiveCfg = Debug|Any CPU
		{3B5A0094-670D-4BB1-BFDD-61B88A8773DC}.Debug|Any CPU.Build.0 = Debug|Any CPU
		{3B5A0094-670D-4BB1-BFDD-61B88A8773DC}.Release|Any CPU.ActiveCfg = Release|Any CPU
		{3B5A0094-670D-4BB1-BFDD-61B88A8773DC}.Release|Any CPU.Build.0 = Release|Any CPU
		{1FE30EB9-74A9-47F5-A9F6-7B1FAB672D81}.Debug|Any CPU.ActiveCfg = Debug|Any CPU
		{1FE30EB9-74A9-47F5-A9F6-7B1FAB672D81}.Debug|Any CPU.Build.0 = Debug|Any CPU
		{1FE30EB9-74A9-47F5-A9F6-7B1FAB672D81}.Release|Any CPU.ActiveCfg = Release|Any CPU
		{1FE30EB9-74A9-47F5-A9F6-7B1FAB672D81}.Release|Any CPU.Build.0 = Release|Any CPU
		{91853F21-9CD9-4132-BC29-A7D5D84FFFE7}.Debug|Any CPU.ActiveCfg = Debug|Any CPU
		{91853F21-9CD9-4132-BC29-A7D5D84FFFE7}.Debug|Any CPU.Build.0 = Debug|Any CPU
		{91853F21-9CD9-4132-BC29-A7D5D84FFFE7}.Release|Any CPU.ActiveCfg = Release|Any CPU
		{91853F21-9CD9-4132-BC29-A7D5D84FFFE7}.Release|Any CPU.Build.0 = Release|Any CPU
		{E512F4D9-9375-480F-A2F6-A46509F9D824}.Debug|Any CPU.ActiveCfg = Debug|Any CPU
		{E512F4D9-9375-480F-A2F6-A46509F9D824}.Debug|Any CPU.Build.0 = Debug|Any CPU
		{E512F4D9-9375-480F-A2F6-A46509F9D824}.Release|Any CPU.ActiveCfg = Release|Any CPU
		{E512F4D9-9375-480F-A2F6-A46509F9D824}.Release|Any CPU.Build.0 = Release|Any CPU
		{EF480016-9127-4916-8735-D2466BDBC582}.Debug|Any CPU.ActiveCfg = Debug|Any CPU
		{EF480016-9127-4916-8735-D2466BDBC582}.Debug|Any CPU.Build.0 = Debug|Any CPU
		{EF480016-9127-4916-8735-D2466BDBC582}.Release|Any CPU.ActiveCfg = Release|Any CPU
		{EF480016-9127-4916-8735-D2466BDBC582}.Release|Any CPU.Build.0 = Release|Any CPU
		{AA94D832-1CCC-4715-95A9-A483F23A1A5D}.Debug|Any CPU.ActiveCfg = Debug|Any CPU
		{AA94D832-1CCC-4715-95A9-A483F23A1A5D}.Debug|Any CPU.Build.0 = Debug|Any CPU
		{AA94D832-1CCC-4715-95A9-A483F23A1A5D}.Release|Any CPU.ActiveCfg = Release|Any CPU
		{AA94D832-1CCC-4715-95A9-A483F23A1A5D}.Release|Any CPU.Build.0 = Release|Any CPU
		{748584B1-BA69-4F6A-81AA-F4BDE6BCE29D}.Debug|Any CPU.ActiveCfg = Debug|Any CPU
		{748584B1-BA69-4F6A-81AA-F4BDE6BCE29D}.Debug|Any CPU.Build.0 = Debug|Any CPU
		{748584B1-BA69-4F6A-81AA-F4BDE6BCE29D}.Release|Any CPU.ActiveCfg = Release|Any CPU
		{748584B1-BA69-4F6A-81AA-F4BDE6BCE29D}.Release|Any CPU.Build.0 = Release|Any CPU
		{503B84A5-8720-4CFD-AFBB-79829D0DAECB}.Debug|Any CPU.ActiveCfg = Debug|Any CPU
		{503B84A5-8720-4CFD-AFBB-79829D0DAECB}.Debug|Any CPU.Build.0 = Debug|Any CPU
		{503B84A5-8720-4CFD-AFBB-79829D0DAECB}.Release|Any CPU.ActiveCfg = Release|Any CPU
		{503B84A5-8720-4CFD-AFBB-79829D0DAECB}.Release|Any CPU.Build.0 = Release|Any CPU
		{59BE3959-76E8-4E02-BAEE-76AF646DE9F1}.Debug|Any CPU.ActiveCfg = Debug|Any CPU
		{59BE3959-76E8-4E02-BAEE-76AF646DE9F1}.Debug|Any CPU.Build.0 = Debug|Any CPU
		{59BE3959-76E8-4E02-BAEE-76AF646DE9F1}.Release|Any CPU.ActiveCfg = Release|Any CPU
		{59BE3959-76E8-4E02-BAEE-76AF646DE9F1}.Release|Any CPU.Build.0 = Release|Any CPU
		{088F7098-7714-23EC-89A5-D03F5BD7862E}.Debug|Any CPU.ActiveCfg = Debug|Any CPU
		{088F7098-7714-23EC-89A5-D03F5BD7862E}.Debug|Any CPU.Build.0 = Debug|Any CPU
		{088F7098-7714-23EC-89A5-D03F5BD7862E}.Release|Any CPU.ActiveCfg = Release|Any CPU
		{088F7098-7714-23EC-89A5-D03F5BD7862E}.Release|Any CPU.Build.0 = Release|Any CPU
		{A19EEFB0-488D-802B-ED7A-EF566767200D}.Debug|Any CPU.ActiveCfg = Debug|Any CPU
		{A19EEFB0-488D-802B-ED7A-EF566767200D}.Debug|Any CPU.Build.0 = Debug|Any CPU
		{A19EEFB0-488D-802B-ED7A-EF566767200D}.Release|Any CPU.ActiveCfg = Release|Any CPU
		{A19EEFB0-488D-802B-ED7A-EF566767200D}.Release|Any CPU.Build.0 = Release|Any CPU
		{55565B49-6D0E-52F2-558F-F8CF9362C20B}.Debug|Any CPU.ActiveCfg = Debug|Any CPU
		{55565B49-6D0E-52F2-558F-F8CF9362C20B}.Debug|Any CPU.Build.0 = Debug|Any CPU
		{55565B49-6D0E-52F2-558F-F8CF9362C20B}.Release|Any CPU.ActiveCfg = Release|Any CPU
		{55565B49-6D0E-52F2-558F-F8CF9362C20B}.Release|Any CPU.Build.0 = Release|Any CPU
		{29086E71-D5E4-9B9C-7A39-CBD7A0F3C481}.Debug|Any CPU.ActiveCfg = Debug|Any CPU
		{29086E71-D5E4-9B9C-7A39-CBD7A0F3C481}.Debug|Any CPU.Build.0 = Debug|Any CPU
		{29086E71-D5E4-9B9C-7A39-CBD7A0F3C481}.Release|Any CPU.ActiveCfg = Release|Any CPU
		{29086E71-D5E4-9B9C-7A39-CBD7A0F3C481}.Release|Any CPU.Build.0 = Release|Any CPU
		{4A2CBEB6-1060-CAC2-3154-4A1D78BF750E}.Debug|Any CPU.ActiveCfg = Debug|Any CPU
		{4A2CBEB6-1060-CAC2-3154-4A1D78BF750E}.Debug|Any CPU.Build.0 = Debug|Any CPU
		{4A2CBEB6-1060-CAC2-3154-4A1D78BF750E}.Release|Any CPU.ActiveCfg = Release|Any CPU
		{4A2CBEB6-1060-CAC2-3154-4A1D78BF750E}.Release|Any CPU.Build.0 = Release|Any CPU
		{BE46AB49-7ABF-7E9E-C0F0-7CDF89673600}.Debug|Any CPU.ActiveCfg = Debug|Any CPU
		{BE46AB49-7ABF-7E9E-C0F0-7CDF89673600}.Debug|Any CPU.Build.0 = Debug|Any CPU
		{BE46AB49-7ABF-7E9E-C0F0-7CDF89673600}.Release|Any CPU.ActiveCfg = Release|Any CPU
		{BE46AB49-7ABF-7E9E-C0F0-7CDF89673600}.Release|Any CPU.Build.0 = Release|Any CPU
		{49DC8826-93B9-A4E9-ECC4-067186E33A5E}.Debug|Any CPU.ActiveCfg = Debug|Any CPU
		{49DC8826-93B9-A4E9-ECC4-067186E33A5E}.Debug|Any CPU.Build.0 = Debug|Any CPU
		{49DC8826-93B9-A4E9-ECC4-067186E33A5E}.Release|Any CPU.ActiveCfg = Release|Any CPU
		{49DC8826-93B9-A4E9-ECC4-067186E33A5E}.Release|Any CPU.Build.0 = Release|Any CPU
		{26265FA0-270F-48C6-0BEF-0934DBA8196E}.Debug|Any CPU.ActiveCfg = Debug|Any CPU
		{26265FA0-270F-48C6-0BEF-0934DBA8196E}.Debug|Any CPU.Build.0 = Debug|Any CPU
		{26265FA0-270F-48C6-0BEF-0934DBA8196E}.Release|Any CPU.ActiveCfg = Release|Any CPU
		{26265FA0-270F-48C6-0BEF-0934DBA8196E}.Release|Any CPU.Build.0 = Release|Any CPU
		{2ECAB3C0-39B3-4B68-4CEE-99407EE7B6C1}.Debug|Any CPU.ActiveCfg = Debug|Any CPU
		{2ECAB3C0-39B3-4B68-4CEE-99407EE7B6C1}.Debug|Any CPU.Build.0 = Debug|Any CPU
		{2ECAB3C0-39B3-4B68-4CEE-99407EE7B6C1}.Release|Any CPU.ActiveCfg = Release|Any CPU
		{2ECAB3C0-39B3-4B68-4CEE-99407EE7B6C1}.Release|Any CPU.Build.0 = Release|Any CPU
		{5E8B1F42-7095-CB68-CC9A-55EEE7044C62}.Debug|Any CPU.ActiveCfg = Debug|Any CPU
		{5E8B1F42-7095-CB68-CC9A-55EEE7044C62}.Debug|Any CPU.Build.0 = Debug|Any CPU
		{5E8B1F42-7095-CB68-CC9A-55EEE7044C62}.Release|Any CPU.ActiveCfg = Release|Any CPU
		{5E8B1F42-7095-CB68-CC9A-55EEE7044C62}.Release|Any CPU.Build.0 = Release|Any CPU
		{60C9A054-5977-EDCC-02E6-1E0E42B12F2B}.Debug|Any CPU.ActiveCfg = Debug|Any CPU
		{60C9A054-5977-EDCC-02E6-1E0E42B12F2B}.Debug|Any CPU.Build.0 = Debug|Any CPU
		{60C9A054-5977-EDCC-02E6-1E0E42B12F2B}.Release|Any CPU.ActiveCfg = Release|Any CPU
		{60C9A054-5977-EDCC-02E6-1E0E42B12F2B}.Release|Any CPU.Build.0 = Release|Any CPU
		{7E4E2813-524C-EA8A-CAAD-5FA66161E965}.Debug|Any CPU.ActiveCfg = Debug|Any CPU
		{7E4E2813-524C-EA8A-CAAD-5FA66161E965}.Debug|Any CPU.Build.0 = Debug|Any CPU
		{7E4E2813-524C-EA8A-CAAD-5FA66161E965}.Release|Any CPU.ActiveCfg = Release|Any CPU
		{7E4E2813-524C-EA8A-CAAD-5FA66161E965}.Release|Any CPU.Build.0 = Release|Any CPU
	EndGlobalSection
	GlobalSection(SolutionProperties) = preSolution
		HideSolutionNode = FALSE
	EndGlobalSection
	GlobalSection(NestedProjects) = preSolution
		{554AD327-6DBA-4F8F-96F8-81CE7A0C863F} = {CA9AC87F-097E-4F15-8393-4BC07735A5B0}
		{F38A3B78-404C-4D39-AD13-D44BCE862968} = {6BCAF52E-A84E-4553-BF5A-3E3FE1FDF0D3}
		{A1D9209E-533E-42E8-862B-6C3965AE925C} = {6BCAF52E-A84E-4553-BF5A-3E3FE1FDF0D3}
		{4E25F2C2-E464-4063-BF38-FE24A49AD6D9} = {6BCAF52E-A84E-4553-BF5A-3E3FE1FDF0D3}
		{7565231B-EB17-4F2D-84E4-F45CDE94A4D0} = {6BCAF52E-A84E-4553-BF5A-3E3FE1FDF0D3}
		{5ABF03EC-4792-4149-9D57-5C4131D6E9B8} = {6BCAF52E-A84E-4553-BF5A-3E3FE1FDF0D3}
		{8FEBA212-02D7-405F-9AA6-DBB7A7B308A1} = {442EE149-B642-42DB-AF17-F20185C2C65B}
		{F2112176-B96D-4244-A7AA-81896C534FB5} = {442EE149-B642-42DB-AF17-F20185C2C65B}
		{6A26023A-338A-4FAB-9AB7-9DDB1F198172} = {442EE149-B642-42DB-AF17-F20185C2C65B}
		{79F50514-5AF5-4AC6-8129-B92C51CA43BC} = {442EE149-B642-42DB-AF17-F20185C2C65B}
		{D34B5625-0AF6-49C4-A7F9-649777E1D398} = {442EE149-B642-42DB-AF17-F20185C2C65B}
		{99AB816C-55BA-476D-A429-26DC7E8288F1} = {442EE149-B642-42DB-AF17-F20185C2C65B}
		{1DF21C22-E225-4769-B925-8D6DA326B901} = {442EE149-B642-42DB-AF17-F20185C2C65B}
		{F7C2A299-2B8D-4850-8A14-289DC9780C82} = {442EE149-B642-42DB-AF17-F20185C2C65B}
		{6BCAF52E-A84E-4553-BF5A-3E3FE1FDF0D3} = {04DBDB01-70F4-4E06-B468-8F87850B22BE}
		{442EE149-B642-42DB-AF17-F20185C2C65B} = {CA9AC87F-097E-4F15-8393-4BC07735A5B0}
		{1A94A50E-06DC-43C1-80B5-B662820EC3EB} = {CA9AC87F-097E-4F15-8393-4BC07735A5B0}
		{C956DD76-69C8-4A9C-83EA-D17DF83340FD} = {CA9AC87F-097E-4F15-8393-4BC07735A5B0}
		{50B2631D-129C-47B3-A587-029CCD6099BC} = {04DBDB01-70F4-4E06-B468-8F87850B22BE}
		{42F719ED-8413-4895-B5B4-5AB56079BC66} = {CA9AC87F-097E-4F15-8393-4BC07735A5B0}
		{520659C8-C734-4298-A3DA-B539DB9DFC0B} = {CA9AC87F-097E-4F15-8393-4BC07735A5B0}
		{4164BDF7-F527-4E85-9CE6-E3C2D7426A27} = {CA9AC87F-097E-4F15-8393-4BC07735A5B0}
		{3B5A0094-670D-4BB1-BFDD-61B88A8773DC} = {CA9AC87F-097E-4F15-8393-4BC07735A5B0}
		{1FE30EB9-74A9-47F5-A9F6-7B1FAB672D81} = {04DBDB01-70F4-4E06-B468-8F87850B22BE}
		{91853F21-9CD9-4132-BC29-A7D5D84FFFE7} = {04DBDB01-70F4-4E06-B468-8F87850B22BE}
		{E512F4D9-9375-480F-A2F6-A46509F9D824} = {04DBDB01-70F4-4E06-B468-8F87850B22BE}
		{EF480016-9127-4916-8735-D2466BDBC582} = {04DBDB01-70F4-4E06-B468-8F87850B22BE}
		{AA94D832-1CCC-4715-95A9-A483F23A1A5D} = {CA9AC87F-097E-4F15-8393-4BC07735A5B0}
		{748584B1-BA69-4F6A-81AA-F4BDE6BCE29D} = {CA9AC87F-097E-4F15-8393-4BC07735A5B0}
		{503B84A5-8720-4CFD-AFBB-79829D0DAECB} = {CA9AC87F-097E-4F15-8393-4BC07735A5B0}
		{59BE3959-76E8-4E02-BAEE-76AF646DE9F1} = {CA9AC87F-097E-4F15-8393-4BC07735A5B0}
		{02EA681E-C7D8-13C7-8484-4AC65E1B71E8} = {CA9AC87F-097E-4F15-8393-4BC07735A5B0}
		{088F7098-7714-23EC-89A5-D03F5BD7862E} = {02EA681E-C7D8-13C7-8484-4AC65E1B71E8}
		{A19EEFB0-488D-802B-ED7A-EF566767200D} = {02EA681E-C7D8-13C7-8484-4AC65E1B71E8}
		{55565B49-6D0E-52F2-558F-F8CF9362C20B} = {02EA681E-C7D8-13C7-8484-4AC65E1B71E8}
		{29086E71-D5E4-9B9C-7A39-CBD7A0F3C481} = {02EA681E-C7D8-13C7-8484-4AC65E1B71E8}
		{4A2CBEB6-1060-CAC2-3154-4A1D78BF750E} = {02EA681E-C7D8-13C7-8484-4AC65E1B71E8}
		{BE46AB49-7ABF-7E9E-C0F0-7CDF89673600} = {02EA681E-C7D8-13C7-8484-4AC65E1B71E8}
		{49DC8826-93B9-A4E9-ECC4-067186E33A5E} = {02EA681E-C7D8-13C7-8484-4AC65E1B71E8}
		{CED54D6F-28E8-4567-8AD6-628F00269AF3} = {04DBDB01-70F4-4E06-B468-8F87850B22BE}
		{26265FA0-270F-48C6-0BEF-0934DBA8196E} = {CED54D6F-28E8-4567-8AD6-628F00269AF3}
		{2ECAB3C0-39B3-4B68-4CEE-99407EE7B6C1} = {CED54D6F-28E8-4567-8AD6-628F00269AF3}
		{5E8B1F42-7095-CB68-CC9A-55EEE7044C62} = {CED54D6F-28E8-4567-8AD6-628F00269AF3}
		{60C9A054-5977-EDCC-02E6-1E0E42B12F2B} = {CED54D6F-28E8-4567-8AD6-628F00269AF3}
		{7E4E2813-524C-EA8A-CAAD-5FA66161E965} = {CED54D6F-28E8-4567-8AD6-628F00269AF3}
	EndGlobalSection
	GlobalSection(ExtensibilityGlobals) = postSolution
		SolutionGuid = {5179330B-C83F-1AA5-4EE5-DD413699185F}
	EndGlobalSection
EndGlobal
